{
  "version": "3",
  "packages": {
    "specifiers": {
      "jsr:@oak/commons@0.7": "jsr:@oak/commons@0.7.0",
      "jsr:@std/assert@0.218": "jsr:@std/assert@0.218.2",
      "jsr:@std/assert@^0.218.2": "jsr:@std/assert@0.218.2",
      "jsr:@std/bytes@0.218": "jsr:@std/bytes@0.218.2",
      "jsr:@std/bytes@^0.218.2": "jsr:@std/bytes@0.218.2",
      "jsr:@std/crypto@0.218": "jsr:@std/crypto@0.218.2",
      "jsr:@std/encoding@0.218": "jsr:@std/encoding@0.218.2",
      "jsr:@std/encoding@^0.218.2": "jsr:@std/encoding@0.218.2",
      "jsr:@std/http@0.218": "jsr:@std/http@0.218.2",
      "jsr:@std/io@0.218": "jsr:@std/io@0.218.2",
      "jsr:@std/media-types@0.218": "jsr:@std/media-types@0.218.2",
      "jsr:@std/path@0.218": "jsr:@std/path@0.218.2",
      "jsr:@supabase/supabase-js@2": "jsr:@supabase/supabase-js@2.45.0",
      "npm:@daw588/roblox.js": "npm:@daw588/roblox.js@0.2.1-beta",
      "npm:@supabase/auth-js@2.64.4": "npm:@supabase/auth-js@2.64.4",
      "npm:@supabase/functions-js@2.4.1": "npm:@supabase/functions-js@2.4.1",
      "npm:@supabase/node-fetch@2.6.15": "npm:@supabase/node-fetch@2.6.15",
      "npm:@supabase/postgrest-js@1.15.8": "npm:@supabase/postgrest-js@1.15.8",
      "npm:@supabase/realtime-js@2.10.2": "npm:@supabase/realtime-js@2.10.2",
      "npm:@supabase/storage-js@2.6.0": "npm:@supabase/storage-js@2.6.0",
      "npm:@types/node": "npm:@types/node@18.16.19",
      "npm:path-to-regexp@6.2.1": "npm:path-to-regexp@6.2.1"
    },
    "jsr": {
      "@oak/commons@0.7.0": {
        "integrity": "4bd889b3dc9ddac1b602034d88c137f06de7078775961b51081beb5f175c120b",
        "dependencies": [
          "jsr:@std/assert@0.218",
          "jsr:@std/media-types@0.218"
        ]
      },
      "@std/assert@0.218.2": {
        "integrity": "7f0a5a1a8cf86607cd6c2c030584096e1ffad27fc9271429a8cb48cfbdee5eaf"
      },
      "@std/bytes@0.218.2": {
        "integrity": "91fe54b232dcca73856b79a817247f4a651dbb60d51baafafb6408c137241670"
      },
      "@std/crypto@0.218.2": {
        "integrity": "8c5031a3a1c3ac3bed3c0d4bed2fe7e7faedcb673bbfa0edd10570c8452f5cd2",
        "dependencies": [
          "jsr:@std/assert@^0.218.2",
          "jsr:@std/encoding@^0.218.2"
        ]
      },
      "@std/encoding@0.218.2": {
        "integrity": "da55a763c29bf0dbf06fd286430b358266eb99c28789d89fe9a3e28edecb8d8e"
      },
      "@std/http@0.218.2": {
        "integrity": "54223b62702e665b9dab6373ea2e51235e093ef47228d21cfa0469ee5ac75c9b",
        "dependencies": [
          "jsr:@std/assert@^0.218.2",
          "jsr:@std/encoding@^0.218.2"
        ]
      },
      "@std/io@0.218.2": {
        "integrity": "c64fbfa087b7c9d4d386c5672f291f607d88cb7d44fc299c20c713e345f2785f",
        "dependencies": [
          "jsr:@std/bytes@^0.218.2"
        ]
      },
      "@std/media-types@0.218.2": {
        "integrity": "1ed3bd2a05e44bad3fc2bab1767d0ce7f2fd68baee62a980751ce51633acb788"
      },
      "@std/path@0.218.2": {
        "integrity": "b568fd923d9e53ad76d17c513e7310bda8e755a3e825e6289a0ce536404e2662",
        "dependencies": [
          "jsr:@std/assert@^0.218.2"
        ]
      },
      "@supabase/supabase-js@2.45.0": {
        "integrity": "f6a0f1cbd18e36a52b5185c56f7afd6014124554fff2885fb8de0dd3cd3904b3",
        "dependencies": [
          "npm:@supabase/auth-js@2.64.4",
          "npm:@supabase/functions-js@2.4.1",
          "npm:@supabase/node-fetch@2.6.15",
          "npm:@supabase/postgrest-js@1.15.8",
          "npm:@supabase/realtime-js@2.10.2",
          "npm:@supabase/storage-js@2.6.0"
        ]
      }
    },
    "npm": {
      "@daw588/roblox.js@0.2.1-beta": {
        "integrity": "sha512-D+zXBQAHmyZ/3axIp0Q8/h/eZ56VCFQ9OsD4Qu7/GQO+tZgZKlLLd5/JTRd5qRg6pp4Tg/2XiP4Fgk+LAyZ/pA==",
        "dependencies": {}
      },
      "@supabase/auth-js@2.64.4": {
        "integrity": "sha512-9ITagy4WP4FLl+mke1rchapOH0RQpf++DI+WSG2sO1OFOZ0rW3cwAM0nCrMOxu+Zw4vJ4zObc08uvQrXx590Tg==",
        "dependencies": {
          "@supabase/node-fetch": "@supabase/node-fetch@2.6.15"
        }
      },
      "@supabase/functions-js@2.4.1": {
        "integrity": "sha512-8sZ2ibwHlf+WkHDUZJUXqqmPvWQ3UHN0W30behOJngVh/qHHekhJLCFbh0AjkE9/FqqXtf9eoVvmYgfCLk5tNA==",
        "dependencies": {
          "@supabase/node-fetch": "@supabase/node-fetch@2.6.15"
        }
      },
      "@supabase/node-fetch@2.6.15": {
        "integrity": "sha512-1ibVeYUacxWYi9i0cf5efil6adJ9WRyZBLivgjs+AUpewx1F3xPi7gLgaASI2SmIQxPoCEjAsLAzKPgMJVgOUQ==",
        "dependencies": {
          "whatwg-url": "whatwg-url@5.0.0"
        }
      },
      "@supabase/postgrest-js@1.15.8": {
        "integrity": "sha512-YunjXpoQjQ0a0/7vGAvGZA2dlMABXFdVI/8TuVKtlePxyT71sl6ERl6ay1fmIeZcqxiuFQuZw/LXUuStUG9bbg==",
        "dependencies": {
          "@supabase/node-fetch": "@supabase/node-fetch@2.6.15"
        }
      },
      "@supabase/realtime-js@2.10.2": {
        "integrity": "sha512-qyCQaNg90HmJstsvr2aJNxK2zgoKh9ZZA8oqb7UT2LCh3mj9zpa3Iwu167AuyNxsxrUE8eEJ2yH6wLCij4EApA==",
        "dependencies": {
          "@supabase/node-fetch": "@supabase/node-fetch@2.6.15",
          "@types/phoenix": "@types/phoenix@1.6.5",
          "@types/ws": "@types/ws@8.5.12",
          "ws": "ws@8.18.0"
        }
      },
      "@supabase/storage-js@2.6.0": {
        "integrity": "sha512-REAxr7myf+3utMkI2oOmZ6sdplMZZ71/2NEIEMBZHL9Fkmm3/JnaOZVSRqvG4LStYj2v5WhCruCzuMn6oD/Drw==",
        "dependencies": {
          "@supabase/node-fetch": "@supabase/node-fetch@2.6.15"
        }
      },
      "@types/node@18.16.19": {
        "integrity": "sha512-IXl7o+R9iti9eBW4Wg2hx1xQDig183jj7YLn8F7udNceyfkbn1ZxmzZXuak20gR40D7pIkIY1kYGx5VIGbaHKA==",
        "dependencies": {}
      },
      "@types/phoenix@1.6.5": {
        "integrity": "sha512-xegpDuR+z0UqG9fwHqNoy3rI7JDlvaPh2TY47Fl80oq6g+hXT+c/LEuE43X48clZ6lOfANl5WrPur9fYO1RJ/w==",
        "dependencies": {}
      },
      "@types/ws@8.5.12": {
        "integrity": "sha512-3tPRkv1EtkDpzlgyKyI8pGsGZAGPEaXeu0DOj5DI25Ja91bdAYddYHbADRYVrZMRbfW+1l5YwXVDKohDJNQxkQ==",
        "dependencies": {
          "@types/node": "@types/node@18.16.19"
        }
      },
      "path-to-regexp@6.2.1": {
        "integrity": "sha512-JLyh7xT1kizaEvcaXOQwOc2/Yhw6KZOvPf1S8401UyLk86CU79LN3vl7ztXGm/pZ+YjoyAJ4rxmHwbkBXJX+yw==",
        "dependencies": {}
      },
      "tr46@0.0.3": {
        "integrity": "sha512-N3WMsuqV66lT30CrXNbEjx4GEwlow3v6rr4mCcv6prnfwhS01rkgyFdjPNBYd9br7LpXV1+Emh01fHnq2Gdgrw==",
        "dependencies": {}
      },
      "webidl-conversions@3.0.1": {
        "integrity": "sha512-2JAn3z8AR6rjK8Sm8orRC0h/bcl/DqL7tRPdGZ4I1CjdF+EaMLmYxBHyXuKL849eucPFhvBoxMsflfOb8kxaeQ==",
        "dependencies": {}
      },
      "whatwg-url@5.0.0": {
        "integrity": "sha512-saE57nupxk6v3HY35+jzBwYa0rKSy0XR8JSxZPwgLr7ys0IBzhGviA1/TUGJLmSVqs8pb9AnvICXEuOHLprYTw==",
        "dependencies": {
          "tr46": "tr46@0.0.3",
          "webidl-conversions": "webidl-conversions@3.0.1"
        }
      },
      "ws@8.18.0": {
        "integrity": "sha512-8VbfWfHLbbwu3+N6OKsOMpBdT4kXPDDB9cJk2bJ6mh9ucxdlnNvH1e+roYkKmN9Nxw2yjz7VzeO9oOz2zJ04Pw==",
        "dependencies": {}
      }
    }
  },
  "redirects": {
    "https://deno.land/x/cors/mod.ts": "https://deno.land/x/cors@v1.2.2/mod.ts",
    "https://deno.land/x/validasaur/mod.ts": "https://deno.land/x/validasaur@v0.15.0/mod.ts"
  },
  "remote": {
    "https://deno.land/std@0.220.0/dotenv/mod.ts": "0180eaeedaaf88647318811cdaa418cc64dc51fb08354f91f5f480d0a1309f7d",
    "https://deno.land/std@0.220.0/dotenv/parse.ts": "09977ff88dfd1f24f9973a338f0f91bbdb9307eb5ff6085446e7c423e4c7ba0c",
    "https://deno.land/std@0.220.0/dotenv/stringify.ts": "0047ad7068289735d08964046aea267a750c141b494ca0e38831b89be6c020c2",
    "https://deno.land/x/cors@v1.2.2/abcCors.ts": "cdf83a7eaa69a1bf3ab910d18b9422217902fac47601adcaf0afac5a61845d48",
    "https://deno.land/x/cors@v1.2.2/attainCors.ts": "7d6aba0f942495cc31119604e0895c9bb8edd8f8baa7fe78e6c655bd0b4cbf59",
    "https://deno.land/x/cors@v1.2.2/cors.ts": "0e2d9167e3685f9bcf48f565e312b6e1883fa458f7337e5ce7bc2e3b29767980",
    "https://deno.land/x/cors@v1.2.2/mithCors.ts": "3a359d6e716e0410ede278ab54d875b293a2d66d838aaa7cfbf9ddc1e9e990d3",
    "https://deno.land/x/cors@v1.2.2/mod.ts": "2b351913f56d77ad80cb3b8633d4539c9eeddb426dae79437ada0e6a9cb4f1a6",
    "https://deno.land/x/cors@v1.2.2/oakCors.ts": "1348dc7673c61b85d2e80559a7b44f8e0246eaa6bcc6ec744fafe5d9b13b5c71",
    "https://deno.land/x/cors@v1.2.2/opineCors.ts": "fb5790115c26b7061d84b8d6c17d258a1e241bcab75b0bc3ca1fdb2e57bc5072",
    "https://deno.land/x/cors@v1.2.2/types.ts": "97546633ccc7f0df7a29bacba5d91dc6f61decdd1b65258300244dba905d34b8",
    "https://deno.land/x/oak@14.2.0/application.ts": "27242ca872580c44321b71e2581bcb7a81004b326b06bb7e90c2625278e405c2",
    "https://deno.land/x/oak@14.2.0/body.ts": "da0ad584c6fb8acbe3ccad288ebb5e5cfd5e65e8186c0f6d43516bb6c11fb968",
    "https://deno.land/x/oak@14.2.0/content_disposition.ts": "8b8c3cb2fba7138cd5b7f82fc3b5ea39b33db924a824b28261659db7e164621e",
    "https://deno.land/x/oak@14.2.0/context.ts": "6a48ba99151478c5f7fd84072f722f9d20dd73816f175f001dbb8716a5225f6f",
    "https://deno.land/x/oak@14.2.0/deps.ts": "9fdb7a99720ad023d609dda13f5d0cb995e8b5cc0e223e08cf2b1fb94c1ddca6",
    "https://deno.land/x/oak@14.2.0/etag.ts": "68d2b34b6bbf41a5e57181f26a90e22ab2f5230d77bf7679b567444fb1a107de",
    "https://deno.land/x/oak@14.2.0/form_data.ts": "dd3599c3b8e47e154434bf43049898187519117403d3494433a68d708f0d1937",
    "https://deno.land/x/oak@14.2.0/forwarded.ts": "97fa621071e4878ce64196055b49cdf8ee63f1bb39185c9446bfb817c209bcc9",
    "https://deno.land/x/oak@14.2.0/headers.ts": "4d74f92a6eda8746473612c04176823e3d12c52189aa4239e624a8ae61835f14",
    "https://deno.land/x/oak@14.2.0/helpers.ts": "d198b50cb13abb1629406882a483c078015d75b3343991ad8ec69aabff879372",
    "https://deno.land/x/oak@14.2.0/http_server_bun.ts": "7d36a3caab01578545257f8d197abc063d30f2df88529ba2e845006c74223910",
    "https://deno.land/x/oak@14.2.0/http_server_native.ts": "ee1598e4bf798a0f6dfc04cde6639d318f73ae25963b13bacc355466e369758a",
    "https://deno.land/x/oak@14.2.0/http_server_native_request.ts": "e34b9ef0e4a52bd3d5d761fff010256612e538aba1bef643c5ea805931e6a410",
    "https://deno.land/x/oak@14.2.0/http_server_node.ts": "9ab25aae469e52aecd4cca85345a8e8ad9af6112a96728c13900ab6d51558ab9",
    "https://deno.land/x/oak@14.2.0/middleware.ts": "5165e0c18f0a3b92bf01ca9d9f0ae211b30ca9b23a9460f11334459a2ff715aa",
    "https://deno.land/x/oak@14.2.0/middleware/proxy.ts": "c136d22c3e396fdee6a9c2e2ba65388bb895d0f82af412c197bc7cda69e5664e",
    "https://deno.land/x/oak@14.2.0/middleware/serve.ts": "83f6559b4cd5e5d30bcbe6acc8478bb7dbcb98af719952bc2810e2d6ead664ea",
    "https://deno.land/x/oak@14.2.0/mod.ts": "0d29f7941ab1f170436a15c3c1f5de4fa94fbe32f4ec79732ed6e06c6b581ceb",
    "https://deno.land/x/oak@14.2.0/node_shims.ts": "4db1569b2b79b73f37c4d947f4aaa50a93e266d48fe67601c8a31af17a28884d",
    "https://deno.land/x/oak@14.2.0/range.ts": "789cb5bc86987843c4ea47e054cad6ceacfbe853c0a57f37a46596b8215c458e",
    "https://deno.land/x/oak@14.2.0/request.ts": "86ea0498e934257ecc07d15ea83493547d9db49a29ae98b4bc76ab234e7d862b",
    "https://deno.land/x/oak@14.2.0/response.ts": "b1985ece7b727d5ba8830ada09318f98ff967b25f63f3e976fc2ebda03b59750",
    "https://deno.land/x/oak@14.2.0/router.ts": "568e45888c8a2a571e983129f337f8a944f492653ec943328dd58a4eb914c599",
    "https://deno.land/x/oak@14.2.0/send.ts": "2ca6b54b16092ab209e2cbea1803947d101c5381bd59a84df5ce44cb1811999d",
    "https://deno.land/x/oak@14.2.0/structured_clone.ts": "a01fa10ea9aae733264557f962630f155873d3bf45dbb2a8e53be5daa1b8cf5a",
    "https://deno.land/x/oak@14.2.0/testing.ts": "157711ade8634f9377ca87147db4317861d51388c82e0da4ae829c142a123db8",
    "https://deno.land/x/oak@14.2.0/types.ts": "09f0494db5d642e3492d23cd46da665d2df2590ef7e987b0412659260453d1f9",
    "https://deno.land/x/oak@14.2.0/util.ts": "22fb55001472158ed4bdf53ce1a6848e10860507aa9a2e16d0b92d2b420f2a90",
    "https://deno.land/x/validasaur@v0.15.0/mod.ts": "0753bce6aa757a1dbc59592ad54e36cba97cd6588e777183cc5cee35b37261a8",
    "https://deno.land/x/validasaur@v0.15.0/src/interfaces.ts": "81f30c34b563f08b384b39fc91a2eef2a81c5c3445e380a1229ea92f400bd410",
    "https://deno.land/x/validasaur@v0.15.0/src/messages.ts": "00b32752737e973e9b6dd4a90ec0a066fe5af48a592c348ce05da093be90869b",
    "https://deno.land/x/validasaur@v0.15.0/src/rules.ts": "bda84df706e25957dfe66d19cb291ad0ff3a6bf32a4ae5fec6613d02f0b460d7",
    "https://deno.land/x/validasaur@v0.15.0/src/rules/date_after.ts": "87372bfba74286f53b786cbef37db7e4d68ececfedbbeb1a03313a70816c1767",
    "https://deno.land/x/validasaur@v0.15.0/src/rules/date_after_or_equal.ts": "8765337c31a14c11df5cf9db765c375079919e31f14509dd49ca013b9868e2d3",
    "https://deno.land/x/validasaur@v0.15.0/src/rules/date_before.ts": "c654a5c0f03898a8324824187dcccbe0fc8b4ef85192a2e506a33b02b99af921",
    "https://deno.land/x/validasaur@v0.15.0/src/rules/date_before_or_equal.ts": "dddccf6359e75e9ef8bfff41d6b4e461b85301c19169d02e8953072c9caa52b0",
    "https://deno.land/x/validasaur@v0.15.0/src/rules/date_between.ts": "266c75ddb288327cba2e38a60ff768fec12d9a620302408ce91aa96b3331b9e0",
    "https://deno.land/x/validasaur@v0.15.0/src/rules/either.ts": "3297f3c9fe19dec5fc86a5f8d1f0b0a5930c357e2c4a4ca6a74dcac74c0c2c05",
    "https://deno.land/x/validasaur@v0.15.0/src/rules/ends_with.ts": "eee020606b025ba9a5a1df5ae271a7a323448495e6dc5382e141b364e040ee61",
    "https://deno.land/x/validasaur@v0.15.0/src/rules/is_array.ts": "0affcc5a12d7d324fd9ffbe2a8a336207e2c63d0e2d76dda7dfdb96eaa2c415f",
    "https://deno.land/x/validasaur@v0.15.0/src/rules/is_bool.ts": "8985e7675336ced7795f1f77c181c0eef060e6628d4483717fa634bd0ee53ab8",
    "https://deno.land/x/validasaur@v0.15.0/src/rules/is_date.ts": "7a08c19d2d8c115638acf4f8abd7918b35025cb9ba84228dec27594cc50028df",
    "https://deno.land/x/validasaur@v0.15.0/src/rules/is_email.ts": "7aa152067da0326fab08d6facef6ab42ab5979016582609d0792719372fafe8c",
    "https://deno.land/x/validasaur@v0.15.0/src/rules/is_float.ts": "3a700eabab6e85708e62be0f6b5f36e675fe2a10a367def8d5d436e2ad627bd8",
    "https://deno.land/x/validasaur@v0.15.0/src/rules/is_in.ts": "f012257894012dc2b417da16d61f771ccfbfc5cadc0c9fd5a2c531457f54af94",
    "https://deno.land/x/validasaur@v0.15.0/src/rules/is_int.ts": "720a8651658223363d3667eb7b131e39ce66c6b33474dc2e615ae7751edd49dc",
    "https://deno.land/x/validasaur@v0.15.0/src/rules/is_ipv4.ts": "97eab075f507abf527330f383ca7f19e9ae03e9cd31a9ee91a032a12b5d43f67",
    "https://deno.land/x/validasaur@v0.15.0/src/rules/is_ipv6.ts": "27ef5b36ebb9a4e4b2ad99b670b56c82b3620cccef81db9ddaf5160fc98b9663",
    "https://deno.land/x/validasaur@v0.15.0/src/rules/is_number.ts": "052caf27f1ba864355988788e76e1fdaebb2c213f4ca70e18959d4ab76a2e796",
    "https://deno.land/x/validasaur@v0.15.0/src/rules/is_numeric.ts": "1c7150d7ef72e7ec07fd1901c705d097bf6e42785bf552e3e45a6915a6518cb0",
    "https://deno.land/x/validasaur@v0.15.0/src/rules/is_string.ts": "f1e746ff82a528757e9aa29a359592164f5c1281c672d3bd3af79c60f940015a",
    "https://deno.land/x/validasaur@v0.15.0/src/rules/length_between.ts": "172ccec9a48764cc4a5e1bab73631d11376ea9b198b36d2be0fb9c332a85af59",
    "https://deno.land/x/validasaur@v0.15.0/src/rules/match.ts": "f77dce3bb91accda34cce8902ece104153dff0f0a567290560dcb6eae061299c",
    "https://deno.land/x/validasaur@v0.15.0/src/rules/max_length.ts": "4190065445d0765f3eb4e4489417899b45933f3104ab8a4b431faa652844b560",
    "https://deno.land/x/validasaur@v0.15.0/src/rules/max_number.ts": "983ac1b43fc58a5cab2ae0fc45e482322f0235daaeeb4c3d7a2222c4737bbf63",
    "https://deno.land/x/validasaur@v0.15.0/src/rules/min_length.ts": "684929b65f6d46aa13b317d732d0f5077f4e88eb888216ceef33bc7fdccd6f24",
    "https://deno.land/x/validasaur@v0.15.0/src/rules/min_number.ts": "3360d7ec8b191633bfab9ce17c9d24b7eeb31a1f791e5fb6b9fedf3af50435e0",
    "https://deno.land/x/validasaur@v0.15.0/src/rules/not_in.ts": "a796f33f12887f3881f235380b2ef0f7d2cf67dc21a0b3cc492f49051c60af5a",
    "https://deno.land/x/validasaur@v0.15.0/src/rules/not_null.ts": "ae57aab9e0ff7818ba214061032d2918e3d1900c1bfc492edfd2c0817af11e8b",
    "https://deno.land/x/validasaur@v0.15.0/src/rules/nullable.ts": "b7b4f9a3c9d3dc6aff89bc3acaf8f6507ba512de0607868bcdbb2788d5fae804",
    "https://deno.land/x/validasaur@v0.15.0/src/rules/number_between.ts": "171037b8f785eeea6b1dd22dc5c6000bffd46912a09e0325d1ca7f341a5a4591",
    "https://deno.land/x/validasaur@v0.15.0/src/rules/required.ts": "3ae87569f301b07f48f4e1c32b37274e3084d92035f6eeca2ad3e8fdf7c2f63b",
    "https://deno.land/x/validasaur@v0.15.0/src/rules/required_if.ts": "7e37332fa5a23a1558aae4867a8484b2b413c1a7ad2f90b5424ab8631046f2e2",
    "https://deno.land/x/validasaur@v0.15.0/src/rules/required_unless.ts": "0d6af590b9e9c34147a02fe206cb94fa1e3c3fcd251fa19ae973b153b256162c",
    "https://deno.land/x/validasaur@v0.15.0/src/rules/required_when.ts": "caf2c3d5937672309d7d690198ee1a1e3fb244d17563d02e1fbaae1bc2497774",
    "https://deno.land/x/validasaur@v0.15.0/src/rules/starts_with.ts": "31b92152ce9cb650ba7ded96f4969e6626e11d7007ab286edb1b5a0f35a71e71",
    "https://deno.land/x/validasaur@v0.15.0/src/rules/validate_array.ts": "9a74d748cc8a1d59aa5edd2fcade452bc701c3c48b366164b9216ffaf9ed3331",
    "https://deno.land/x/validasaur@v0.15.0/src/rules/validate_object.ts": "396ee422f35295ee1f96a7937bcaed07cb580480502782b73554b1c92f908235",
    "https://deno.land/x/validasaur@v0.15.0/src/types.ts": "b7dec9b9f89b2fcb9984f8082a379174495e4d009743320f714cfb4ad9296cbe",
    "https://deno.land/x/validasaur@v0.15.0/src/utils.ts": "7a6b8d2a320288890e931aa89baaaffa931bc3eabf118eac968d82f118021b50",
    "https://deno.land/x/validasaur@v0.15.0/src/validate.ts": "d3b021e3aa982de4d03981459f4622a7438d9d3fd213cf27deb193e4c3012dfa"
  }
}
